Microsoft Visual Studio Solution File, Format Version 12.00
# Visual Studio Version 16
VisualStudioVersion = 16.0.0.0
MinimumVisualStudioVersion = 16.0.0.0
Project("{9A19103F-16F7-4668-BE54-9A1E7A4F7556}") = "TackleStore.Clients", "TackleStore.Clients\TackleStore.Clients.csproj", "{FCE7E349-FC0D-406D-AD35-4E85322241BF}"
EndProject
Project("{FAE04EC0-301F-11D3-BF4B-00C04F79EFBC}") = "TackleStore.Clients.Android", "TackleStore.Clients.Android\TackleStore.Clients.Android.csproj", "{46760D09-985F-4FBF-ADDC-F265F7C987E8}"
EndProject
Project("{FAE04EC0-301F-11D3-BF4B-00C04F79EFBC}") = "TackleStore.Clients.iOS", "TackleStore.Clients.iOS\TackleStore.Clients.iOS.csproj", "{6EE18791-C2B5-4D11-9672-B3126086EECD}"
EndProject
Project("{FAE04EC0-301F-11D3-BF4B-00C04F79EFBC}") = "TackleStore.Clients.macOS", "TackleStore.Clients.macOS\TackleStore.Clients.macOS.csproj", "{B74D1856-898B-4CCF-A366-E95122E80D9D}"
EndProject
Project("{FAE04EC0-301F-11D3-BF4B-00C04F79EFBC}") = "TackleStore.Models", "TackleStore.Models\TackleStore.Models.csproj", "{1E6B8359-6CE8-4AA9-A0F0-671F253B1F7E}"
EndProject
Project("{2150E333-8FDC-42A3-9474-1A3956D46DE8}") = "Backend", "Backend", "{D47F63B5-007E-4437-B59D-D3258B58683E}"
EndProject
Project("{2150E333-8FDC-42A3-9474-1A3956D46DE8}") = "Clients", "Clients", "{B6F6D68B-FAE4-4F29-9AB6-D919EC8AFE9E}"
EndProject
Project("{FAE04EC0-301F-11D3-BF4B-00C04F79EFBC}") = "ProductImporter", "ProductImporter\ProductImporter.csproj", "{5E619B8D-868E-4E4F-A75F-97D775760BE8}"
EndProject
Project("{FAE04EC0-301F-11D3-BF4B-00C04F79EFBC}") = "Functions", "Functions\Functions.csproj", "{CC5F5C6A-7F55-424D-9A15-C092DC55C21A}"
EndProject
Project("{FAE04EC0-301F-11D3-BF4B-00C04F79EFBC}") = "Backend.Core", "Backend.Core\Backend.Core.csproj", "{42723FD7-CC60-4E1E-A1CA-C704088E169F}"
EndProject
Project("{9344BDBB-3E7F-41FC-A0DD-8665D75EE146}") = "TackleStore.Clients.Windows", "TackleStore.Clients.Windows\TackleStore.Clients.Windows.csproj", "{5260AB8E-46CD-4F0E-AA8A-D8FC7AA93CBF}"
EndProject
Global
	GlobalSection(SolutionConfigurationPlatforms) = preSolution
		Debug|Any CPU = Debug|Any CPU
		Debug|iPhone = Debug|iPhone
		Debug|iPhoneSimulator = Debug|iPhoneSimulator
		Debug|x64 = Debug|x64
		Debug|x86 = Debug|x86
		Release|Any CPU = Release|Any CPU
		Release|iPhone = Release|iPhone
		Release|iPhoneSimulator = Release|iPhoneSimulator
		Release|x64 = Release|x64
		Release|x86 = Release|x86
	EndGlobalSection
	GlobalSection(ProjectConfigurationPlatforms) = postSolution
		{46760D09-985F-4FBF-ADDC-F265F7C987E8}.Debug|Any CPU.ActiveCfg = Debug|Any CPU
		{46760D09-985F-4FBF-ADDC-F265F7C987E8}.Debug|Any CPU.Build.0 = Debug|Any CPU
		{46760D09-985F-4FBF-ADDC-F265F7C987E8}.Debug|Any CPU.Deploy.0 = Debug|Any CPU
		{46760D09-985F-4FBF-ADDC-F265F7C987E8}.Debug|iPhone.ActiveCfg = Debug|Any CPU
		{46760D09-985F-4FBF-ADDC-F265F7C987E8}.Debug|iPhone.Build.0 = Debug|Any CPU
		{46760D09-985F-4FBF-ADDC-F265F7C987E8}.Debug|iPhone.Deploy.0 = Debug|Any CPU
		{46760D09-985F-4FBF-ADDC-F265F7C987E8}.Debug|iPhoneSimulator.ActiveCfg = Debug|Any CPU
		{46760D09-985F-4FBF-ADDC-F265F7C987E8}.Debug|iPhoneSimulator.Build.0 = Debug|Any CPU
		{46760D09-985F-4FBF-ADDC-F265F7C987E8}.Debug|iPhoneSimulator.Deploy.0 = Debug|Any CPU
		{46760D09-985F-4FBF-ADDC-F265F7C987E8}.Debug|x64.ActiveCfg = Debug|Any CPU
		{46760D09-985F-4FBF-ADDC-F265F7C987E8}.Debug|x64.Build.0 = Debug|Any CPU
		{46760D09-985F-4FBF-ADDC-F265F7C987E8}.Debug|x64.Deploy.0 = Debug|Any CPU
		{46760D09-985F-4FBF-ADDC-F265F7C987E8}.Debug|x86.ActiveCfg = Debug|Any CPU
		{46760D09-985F-4FBF-ADDC-F265F7C987E8}.Debug|x86.Build.0 = Debug|Any CPU
		{46760D09-985F-4FBF-ADDC-F265F7C987E8}.Debug|x86.Deploy.0 = Debug|Any CPU
		{46760D09-985F-4FBF-ADDC-F265F7C987E8}.Release|Any CPU.ActiveCfg = Release|Any CPU
		{46760D09-985F-4FBF-ADDC-F265F7C987E8}.Release|Any CPU.Build.0 = Release|Any CPU
		{46760D09-985F-4FBF-ADDC-F265F7C987E8}.Release|Any CPU.Deploy.0 = Release|Any CPU
		{46760D09-985F-4FBF-ADDC-F265F7C987E8}.Release|iPhone.ActiveCfg = Release|Any CPU
		{46760D09-985F-4FBF-ADDC-F265F7C987E8}.Release|iPhone.Build.0 = Release|Any CPU
		{46760D09-985F-4FBF-ADDC-F265F7C987E8}.Release|iPhone.Deploy.0 = Release|Any CPU
		{46760D09-985F-4FBF-ADDC-F265F7C987E8}.Release|iPhoneSimulator.ActiveCfg = Release|Any CPU
		{46760D09-985F-4FBF-ADDC-F265F7C987E8}.Release|iPhoneSimulator.Build.0 = Release|Any CPU
		{46760D09-985F-4FBF-ADDC-F265F7C987E8}.Release|iPhoneSimulator.Deploy.0 = Release|Any CPU
		{46760D09-985F-4FBF-ADDC-F265F7C987E8}.Release|x64.ActiveCfg = Release|Any CPU
		{46760D09-985F-4FBF-ADDC-F265F7C987E8}.Release|x64.Build.0 = Release|Any CPU
		{46760D09-985F-4FBF-ADDC-F265F7C987E8}.Release|x64.Deploy.0 = Release|Any CPU
		{46760D09-985F-4FBF-ADDC-F265F7C987E8}.Release|x86.ActiveCfg = Release|Any CPU
		{46760D09-985F-4FBF-ADDC-F265F7C987E8}.Release|x86.Build.0 = Release|Any CPU
		{46760D09-985F-4FBF-ADDC-F265F7C987E8}.Release|x86.Deploy.0 = Release|Any CPU
		{FCE7E349-FC0D-406D-AD35-4E85322241BF}.Debug|Any CPU.ActiveCfg = Debug|Any CPU
		{FCE7E349-FC0D-406D-AD35-4E85322241BF}.Debug|Any CPU.Build.0 = Debug|Any CPU
		{FCE7E349-FC0D-406D-AD35-4E85322241BF}.Debug|iPhone.ActiveCfg = Debug|Any CPU
		{FCE7E349-FC0D-406D-AD35-4E85322241BF}.Debug|iPhone.Build.0 = Debug|Any CPU
		{FCE7E349-FC0D-406D-AD35-4E85322241BF}.Debug|iPhoneSimulator.ActiveCfg = Debug|Any CPU
		{FCE7E349-FC0D-406D-AD35-4E85322241BF}.Debug|iPhoneSimulator.Build.0 = Debug|Any CPU
		{FCE7E349-FC0D-406D-AD35-4E85322241BF}.Debug|x64.ActiveCfg = Debug|Any CPU
		{FCE7E349-FC0D-406D-AD35-4E85322241BF}.Debug|x64.Build.0 = Debug|Any CPU
		{FCE7E349-FC0D-406D-AD35-4E85322241BF}.Debug|x86.ActiveCfg = Debug|Any CPU
		{FCE7E349-FC0D-406D-AD35-4E85322241BF}.Debug|x86.Build.0 = Debug|Any CPU
		{FCE7E349-FC0D-406D-AD35-4E85322241BF}.Release|Any CPU.ActiveCfg = Release|Any CPU
		{FCE7E349-FC0D-406D-AD35-4E85322241BF}.Release|Any CPU.Build.0 = Release|Any CPU
		{FCE7E349-FC0D-406D-AD35-4E85322241BF}.Release|iPhone.ActiveCfg = Release|Any CPU
		{FCE7E349-FC0D-406D-AD35-4E85322241BF}.Release|iPhone.Build.0 = Release|Any CPU
		{FCE7E349-FC0D-406D-AD35-4E85322241BF}.Release|iPhoneSimulator.ActiveCfg = Release|Any CPU
		{FCE7E349-FC0D-406D-AD35-4E85322241BF}.Release|iPhoneSimulator.Build.0 = Release|Any CPU
		{FCE7E349-FC0D-406D-AD35-4E85322241BF}.Release|x64.ActiveCfg = Release|Any CPU
		{FCE7E349-FC0D-406D-AD35-4E85322241BF}.Release|x64.Build.0 = Release|Any CPU
		{FCE7E349-FC0D-406D-AD35-4E85322241BF}.Release|x86.ActiveCfg = Release|Any CPU
		{FCE7E349-FC0D-406D-AD35-4E85322241BF}.Release|x86.Build.0 = Release|Any CPU
		{6EE18791-C2B5-4D11-9672-B3126086EECD}.Debug|Any CPU.ActiveCfg = Debug|iPhone
		{6EE18791-C2B5-4D11-9672-B3126086EECD}.Debug|iPhone.ActiveCfg = Debug|iPhone
		{6EE18791-C2B5-4D11-9672-B3126086EECD}.Debug|iPhone.Build.0 = Debug|iPhone
		{6EE18791-C2B5-4D11-9672-B3126086EECD}.Debug|iPhoneSimulator.ActiveCfg = Debug|iPhoneSimulator
		{6EE18791-C2B5-4D11-9672-B3126086EECD}.Debug|iPhoneSimulator.Build.0 = Debug|iPhoneSimulator
		{6EE18791-C2B5-4D11-9672-B3126086EECD}.Debug|x64.ActiveCfg = Debug|iPhone
		{6EE18791-C2B5-4D11-9672-B3126086EECD}.Debug|x86.ActiveCfg = Debug|iPhone
		{6EE18791-C2B5-4D11-9672-B3126086EECD}.Release|Any CPU.ActiveCfg = Release|iPhone
		{6EE18791-C2B5-4D11-9672-B3126086EECD}.Release|iPhone.ActiveCfg = Release|iPhone
		{6EE18791-C2B5-4D11-9672-B3126086EECD}.Release|iPhone.Build.0 = Release|iPhone
		{6EE18791-C2B5-4D11-9672-B3126086EECD}.Release|iPhoneSimulator.ActiveCfg = Release|iPhoneSimulator
		{6EE18791-C2B5-4D11-9672-B3126086EECD}.Release|iPhoneSimulator.Build.0 = Release|iPhoneSimulator
		{6EE18791-C2B5-4D11-9672-B3126086EECD}.Release|x64.ActiveCfg = Release|iPhone
		{6EE18791-C2B5-4D11-9672-B3126086EECD}.Release|x86.ActiveCfg = Release|iPhone
		{B74D1856-898B-4CCF-A366-E95122E80D9D}.Debug|Any CPU.ActiveCfg = Debug|Any CPU
		{B74D1856-898B-4CCF-A366-E95122E80D9D}.Debug|Any CPU.Build.0 = Debug|Any CPU
		{B74D1856-898B-4CCF-A366-E95122E80D9D}.Debug|iPhone.ActiveCfg = Debug|Any CPU
		{B74D1856-898B-4CCF-A366-E95122E80D9D}.Debug|iPhone.Build.0 = Debug|Any CPU
		{B74D1856-898B-4CCF-A366-E95122E80D9D}.Debug|iPhoneSimulator.ActiveCfg = Debug|Any CPU
		{B74D1856-898B-4CCF-A366-E95122E80D9D}.Debug|iPhoneSimulator.Build.0 = Debug|Any CPU
		{B74D1856-898B-4CCF-A366-E95122E80D9D}.Release|Any CPU.ActiveCfg = Release|Any CPU
		{B74D1856-898B-4CCF-A366-E95122E80D9D}.Release|Any CPU.Build.0 = Release|Any CPU
		{B74D1856-898B-4CCF-A366-E95122E80D9D}.Release|iPhone.ActiveCfg = Release|Any CPU
		{B74D1856-898B-4CCF-A366-E95122E80D9D}.Release|iPhone.Build.0 = Release|Any CPU
		{B74D1856-898B-4CCF-A366-E95122E80D9D}.Release|iPhoneSimulator.ActiveCfg = Release|Any CPU
		{B74D1856-898B-4CCF-A366-E95122E80D9D}.Release|iPhoneSimulator.Build.0 = Release|Any CPU
		{F743B5DA-B1B4-4CFB-91FB-651D0D41F623}.Debug|Any CPU.ActiveCfg = Debug|Any CPU
		{F743B5DA-B1B4-4CFB-91FB-651D0D41F623}.Debug|Any CPU.Build.0 = Debug|Any CPU
		{F743B5DA-B1B4-4CFB-91FB-651D0D41F623}.Debug|iPhone.ActiveCfg = Debug|Any CPU
		{F743B5DA-B1B4-4CFB-91FB-651D0D41F623}.Debug|iPhone.Build.0 = Debug|Any CPU
		{F743B5DA-B1B4-4CFB-91FB-651D0D41F623}.Debug|iPhoneSimulator.ActiveCfg = Debug|Any CPU
		{F743B5DA-B1B4-4CFB-91FB-651D0D41F623}.Debug|iPhoneSimulator.Build.0 = Debug|Any CPU
		{F743B5DA-B1B4-4CFB-91FB-651D0D41F623}.Debug|x64.ActiveCfg = Debug|Any CPU
		{F743B5DA-B1B4-4CFB-91FB-651D0D41F623}.Debug|x64.Build.0 = Debug|Any CPU
		{F743B5DA-B1B4-4CFB-91FB-651D0D41F623}.Debug|x86.ActiveCfg = Debug|Any CPU
		{F743B5DA-B1B4-4CFB-91FB-651D0D41F623}.Debug|x86.Build.0 = Debug|Any CPU
		{F743B5DA-B1B4-4CFB-91FB-651D0D41F623}.Release|Any CPU.ActiveCfg = Release|Any CPU
		{F743B5DA-B1B4-4CFB-91FB-651D0D41F623}.Release|Any CPU.Build.0 = Release|Any CPU
		{F743B5DA-B1B4-4CFB-91FB-651D0D41F623}.Release|iPhone.ActiveCfg = Release|Any CPU
		{F743B5DA-B1B4-4CFB-91FB-651D0D41F623}.Release|iPhone.Build.0 = Release|Any CPU
		{F743B5DA-B1B4-4CFB-91FB-651D0D41F623}.Release|iPhoneSimulator.ActiveCfg = Release|Any CPU
		{F743B5DA-B1B4-4CFB-91FB-651D0D41F623}.Release|iPhoneSimulator.Build.0 = Release|Any CPU
		{F743B5DA-B1B4-4CFB-91FB-651D0D41F623}.Release|x64.ActiveCfg = Release|Any CPU
		{F743B5DA-B1B4-4CFB-91FB-651D0D41F623}.Release|x64.Build.0 = Release|Any CPU
		{F743B5DA-B1B4-4CFB-91FB-651D0D41F623}.Release|x86.ActiveCfg = Release|Any CPU
		{F743B5DA-B1B4-4CFB-91FB-651D0D41F623}.Release|x86.Build.0 = Release|Any CPU
		{1E6B8359-6CE8-4AA9-A0F0-671F253B1F7E}.Debug|Any CPU.ActiveCfg = Debug|Any CPU
		{1E6B8359-6CE8-4AA9-A0F0-671F253B1F7E}.Debug|Any CPU.Build.0 = Debug|Any CPU
		{1E6B8359-6CE8-4AA9-A0F0-671F253B1F7E}.Debug|iPhone.ActiveCfg = Debug|Any CPU
		{1E6B8359-6CE8-4AA9-A0F0-671F253B1F7E}.Debug|iPhone.Build.0 = Debug|Any CPU
		{1E6B8359-6CE8-4AA9-A0F0-671F253B1F7E}.Debug|iPhoneSimulator.ActiveCfg = Debug|Any CPU
		{1E6B8359-6CE8-4AA9-A0F0-671F253B1F7E}.Debug|iPhoneSimulator.Build.0 = Debug|Any CPU
		{1E6B8359-6CE8-4AA9-A0F0-671F253B1F7E}.Debug|x64.ActiveCfg = Debug|Any CPU
		{1E6B8359-6CE8-4AA9-A0F0-671F253B1F7E}.Debug|x64.Build.0 = Debug|Any CPU
		{1E6B8359-6CE8-4AA9-A0F0-671F253B1F7E}.Debug|x86.ActiveCfg = Debug|Any CPU
		{1E6B8359-6CE8-4AA9-A0F0-671F253B1F7E}.Debug|x86.Build.0 = Debug|Any CPU
		{1E6B8359-6CE8-4AA9-A0F0-671F253B1F7E}.Release|Any CPU.ActiveCfg = Release|Any CPU
		{1E6B8359-6CE8-4AA9-A0F0-671F253B1F7E}.Release|Any CPU.Build.0 = Release|Any CPU
		{1E6B8359-6CE8-4AA9-A0F0-671F253B1F7E}.Release|iPhone.ActiveCfg = Release|Any CPU
		{1E6B8359-6CE8-4AA9-A0F0-671F253B1F7E}.Release|iPhone.Build.0 = Release|Any CPU
		{1E6B8359-6CE8-4AA9-A0F0-671F253B1F7E}.Release|iPhoneSimulator.ActiveCfg = Release|Any CPU
		{1E6B8359-6CE8-4AA9-A0F0-671F253B1F7E}.Release|iPhoneSimulator.Build.0 = Release|Any CPU
		{1E6B8359-6CE8-4AA9-A0F0-671F253B1F7E}.Release|x64.ActiveCfg = Release|Any CPU
		{1E6B8359-6CE8-4AA9-A0F0-671F253B1F7E}.Release|x64.Build.0 = Release|Any CPU
		{1E6B8359-6CE8-4AA9-A0F0-671F253B1F7E}.Release|x86.ActiveCfg = Release|Any CPU
		{1E6B8359-6CE8-4AA9-A0F0-671F253B1F7E}.Release|x86.Build.0 = Release|Any CPU
		{5E619B8D-868E-4E4F-A75F-97D775760BE8}.Debug|Any CPU.ActiveCfg = Debug|Any CPU
		{5E619B8D-868E-4E4F-A75F-97D775760BE8}.Debug|Any CPU.Build.0 = Debug|Any CPU
		{5E619B8D-868E-4E4F-A75F-97D775760BE8}.Debug|iPhone.ActiveCfg = Debug|Any CPU
		{5E619B8D-868E-4E4F-A75F-97D775760BE8}.Debug|iPhone.Build.0 = Debug|Any CPU
		{5E619B8D-868E-4E4F-A75F-97D775760BE8}.Debug|iPhoneSimulator.ActiveCfg = Debug|Any CPU
		{5E619B8D-868E-4E4F-A75F-97D775760BE8}.Debug|iPhoneSimulator.Build.0 = Debug|Any CPU
		{5E619B8D-868E-4E4F-A75F-97D775760BE8}.Debug|x64.ActiveCfg = Debug|Any CPU
		{5E619B8D-868E-4E4F-A75F-97D775760BE8}.Debug|x64.Build.0 = Debug|Any CPU
		{5E619B8D-868E-4E4F-A75F-97D775760BE8}.Debug|x86.ActiveCfg = Debug|Any CPU
		{5E619B8D-868E-4E4F-A75F-97D775760BE8}.Debug|x86.Build.0 = Debug|Any CPU
		{5E619B8D-868E-4E4F-A75F-97D775760BE8}.Release|Any CPU.ActiveCfg = Release|Any CPU
		{5E619B8D-868E-4E4F-A75F-97D775760BE8}.Release|Any CPU.Build.0 = Release|Any CPU
		{5E619B8D-868E-4E4F-A75F-97D775760BE8}.Release|iPhone.ActiveCfg = Release|Any CPU
		{5E619B8D-868E-4E4F-A75F-97D775760BE8}.Release|iPhone.Build.0 = Release|Any CPU
		{5E619B8D-868E-4E4F-A75F-97D775760BE8}.Release|iPhoneSimulator.ActiveCfg = Release|Any CPU
		{5E619B8D-868E-4E4F-A75F-97D775760BE8}.Release|iPhoneSimulator.Build.0 = Release|Any CPU
		{5E619B8D-868E-4E4F-A75F-97D775760BE8}.Release|x64.ActiveCfg = Release|Any CPU
		{5E619B8D-868E-4E4F-A75F-97D775760BE8}.Release|x64.Build.0 = Release|Any CPU
		{5E619B8D-868E-4E4F-A75F-97D775760BE8}.Release|x86.ActiveCfg = Release|Any CPU
		{5E619B8D-868E-4E4F-A75F-97D775760BE8}.Release|x86.Build.0 = Release|Any CPU
		{CC5F5C6A-7F55-424D-9A15-C092DC55C21A}.Debug|Any CPU.ActiveCfg = Debug|Any CPU
		{CC5F5C6A-7F55-424D-9A15-C092DC55C21A}.Debug|Any CPU.Build.0 = Debug|Any CPU
		{CC5F5C6A-7F55-424D-9A15-C092DC55C21A}.Debug|iPhone.ActiveCfg = Debug|Any CPU
		{CC5F5C6A-7F55-424D-9A15-C092DC55C21A}.Debug|iPhone.Build.0 = Debug|Any CPU
		{CC5F5C6A-7F55-424D-9A15-C092DC55C21A}.Debug|iPhoneSimulator.ActiveCfg = Debug|Any CPU
		{CC5F5C6A-7F55-424D-9A15-C092DC55C21A}.Debug|iPhoneSimulator.Build.0 = Debug|Any CPU
		{CC5F5C6A-7F55-424D-9A15-C092DC55C21A}.Debug|x64.ActiveCfg = Debug|Any CPU
		{CC5F5C6A-7F55-424D-9A15-C092DC55C21A}.Debug|x64.Build.0 = Debug|Any CPU
		{CC5F5C6A-7F55-424D-9A15-C092DC55C21A}.Debug|x86.ActiveCfg = Debug|Any CPU
		{CC5F5C6A-7F55-424D-9A15-C092DC55C21A}.Debug|x86.Build.0 = Debug|Any CPU
		{CC5F5C6A-7F55-424D-9A15-C092DC55C21A}.Release|Any CPU.ActiveCfg = Release|Any CPU
		{CC5F5C6A-7F55-424D-9A15-C092DC55C21A}.Release|Any CPU.Build.0 = Release|Any CPU
		{CC5F5C6A-7F55-424D-9A15-C092DC55C21A}.Release|iPhone.ActiveCfg = Release|Any CPU
		{CC5F5C6A-7F55-424D-9A15-C092DC55C21A}.Release|iPhone.Build.0 = Release|Any CPU
		{CC5F5C6A-7F55-424D-9A15-C092DC55C21A}.Release|iPhoneSimulator.ActiveCfg = Release|Any CPU
		{CC5F5C6A-7F55-424D-9A15-C092DC55C21A}.Release|iPhoneSimulator.Build.0 = Release|Any CPU
		{CC5F5C6A-7F55-424D-9A15-C092DC55C21A}.Release|x64.ActiveCfg = Release|Any CPU
		{CC5F5C6A-7F55-424D-9A15-C092DC55C21A}.Release|x64.Build.0 = Release|Any CPU
		{CC5F5C6A-7F55-424D-9A15-C092DC55C21A}.Release|x86.ActiveCfg = Release|Any CPU
		{CC5F5C6A-7F55-424D-9A15-C092DC55C21A}.Release|x86.Build.0 = Release|Any CPU
		{42723FD7-CC60-4E1E-A1CA-C704088E169F}.Debug|Any CPU.ActiveCfg = Debug|Any CPU
		{42723FD7-CC60-4E1E-A1CA-C704088E169F}.Debug|Any CPU.Build.0 = Debug|Any CPU
		{42723FD7-CC60-4E1E-A1CA-C704088E169F}.Debug|iPhone.ActiveCfg = Debug|Any CPU
		{42723FD7-CC60-4E1E-A1CA-C704088E169F}.Debug|iPhone.Build.0 = Debug|Any CPU
		{42723FD7-CC60-4E1E-A1CA-C704088E169F}.Debug|iPhoneSimulator.ActiveCfg = Debug|Any CPU
		{42723FD7-CC60-4E1E-A1CA-C704088E169F}.Debug|iPhoneSimulator.Build.0 = Debug|Any CPU
		{42723FD7-CC60-4E1E-A1CA-C704088E169F}.Debug|x64.ActiveCfg = Debug|Any CPU
		{42723FD7-CC60-4E1E-A1CA-C704088E169F}.Debug|x64.Build.0 = Debug|Any CPU
		{42723FD7-CC60-4E1E-A1CA-C704088E169F}.Debug|x86.ActiveCfg = Debug|Any CPU
		{42723FD7-CC60-4E1E-A1CA-C704088E169F}.Debug|x86.Build.0 = Debug|Any CPU
		{42723FD7-CC60-4E1E-A1CA-C704088E169F}.Release|Any CPU.ActiveCfg = Release|Any CPU
		{42723FD7-CC60-4E1E-A1CA-C704088E169F}.Release|Any CPU.Build.0 = Release|Any CPU
		{42723FD7-CC60-4E1E-A1CA-C704088E169F}.Release|iPhone.ActiveCfg = Release|Any CPU
		{42723FD7-CC60-4E1E-A1CA-C704088E169F}.Release|iPhone.Build.0 = Release|Any CPU
		{42723FD7-CC60-4E1E-A1CA-C704088E169F}.Release|iPhoneSimulator.ActiveCfg = Release|Any CPU
		{42723FD7-CC60-4E1E-A1CA-C704088E169F}.Release|iPhoneSimulator.Build.0 = Release|Any CPU
		{42723FD7-CC60-4E1E-A1CA-C704088E169F}.Release|x64.ActiveCfg = Release|Any CPU
		{42723FD7-CC60-4E1E-A1CA-C704088E169F}.Release|x64.Build.0 = Release|Any CPU
		{42723FD7-CC60-4E1E-A1CA-C704088E169F}.Release|x86.ActiveCfg = Release|Any CPU
		{42723FD7-CC60-4E1E-A1CA-C704088E169F}.Release|x86.Build.0 = Release|Any CPU
		{5260AB8E-46CD-4F0E-AA8A-D8FC7AA93CBF}.Debug|Any CPU.ActiveCfg = Debug|Any CPU
		{5260AB8E-46CD-4F0E-AA8A-D8FC7AA93CBF}.Debug|Any CPU.Build.0 = Debug|Any CPU
		{5260AB8E-46CD-4F0E-AA8A-D8FC7AA93CBF}.Debug|iPhone.ActiveCfg = Debug|Any CPU
		{5260AB8E-46CD-4F0E-AA8A-D8FC7AA93CBF}.Debug|iPhone.Build.0 = Debug|Any CPU
		{5260AB8E-46CD-4F0E-AA8A-D8FC7AA93CBF}.Debug|iPhoneSimulator.ActiveCfg = Debug|Any CPU
		{5260AB8E-46CD-4F0E-AA8A-D8FC7AA93CBF}.Debug|iPhoneSimulator.Build.0 = Debug|Any CPU
		{5260AB8E-46CD-4F0E-AA8A-D8FC7AA93CBF}.Release|Any CPU.ActiveCfg = Release|Any CPU
		{5260AB8E-46CD-4F0E-AA8A-D8FC7AA93CBF}.Release|Any CPU.Build.0 = Release|Any CPU
		{5260AB8E-46CD-4F0E-AA8A-D8FC7AA93CBF}.Release|iPhone.ActiveCfg = Release|Any CPU
		{5260AB8E-46CD-4F0E-AA8A-D8FC7AA93CBF}.Release|iPhone.Build.0 = Release|Any CPU
		{5260AB8E-46CD-4F0E-AA8A-D8FC7AA93CBF}.Release|iPhoneSimulator.ActiveCfg = Release|Any CPU
		{5260AB8E-46CD-4F0E-AA8A-D8FC7AA93CBF}.Release|iPhoneSimulator.Build.0 = Release|Any CPU
	EndGlobalSection
	GlobalSection(SolutionProperties) = preSolution
		HideSolutionNode = FALSE
	EndGlobalSection
	GlobalSection(ExtensibilityGlobals) = postSolution
		SolutionGuid = {78906320-C476-444B-B2EE-0466F6F58022}
	EndGlobalSection
	GlobalSection(NestedProjects) = preSolution
		{FCE7E349-FC0D-406D-AD35-4E85322241BF} = {B6F6D68B-FAE4-4F29-9AB6-D919EC8AFE9E}
		{46760D09-985F-4FBF-ADDC-F265F7C987E8} = {B6F6D68B-FAE4-4F29-9AB6-D919EC8AFE9E}
		{6EE18791-C2B5-4D11-9672-B3126086EECD} = {B6F6D68B-FAE4-4F29-9AB6-D919EC8AFE9E}
		{B74D1856-898B-4CCF-A366-E95122E80D9D} = {B6F6D68B-FAE4-4F29-9AB6-D919EC8AFE9E}
		{5E619B8D-868E-4E4F-A75F-97D775760BE8} = {D47F63B5-007E-4437-B59D-D3258B58683E}
		{CC5F5C6A-7F55-424D-9A15-C092DC55C21A} = {D47F63B5-007E-4437-B59D-D3258B58683E}
		{42723FD7-CC60-4E1E-A1CA-C704088E169F} = {D47F63B5-007E-4437-B59D-D3258B58683E}
		{5260AB8E-46CD-4F0E-AA8A-D8FC7AA93CBF} = {B6F6D68B-FAE4-4F29-9AB6-D919EC8AFE9E}
	EndGlobalSection
EndGlobal
